
Microsoft Visual Studio Solution File, Format Version 12.00
# Visual Studio Version 17
VisualStudioVersion = 17.0.31903.59
MinimumVisualStudioVersion = 10.0.40219.1
Project("{2150E333-8FDC-42A3-9474-1A3956D46DE8}") = "src", "src", "{8506B158-21C4-4E53-86EF-C1568ECA1C30}"
EndProject
Project("{FAE04EC0-301F-11D3-BF4B-00C04F79EFBC}") = "IdentityServer", "src\IdentityServer\IdentityServer.csproj", "{63FF7761-9039-48B1-9676-8DDFDC5242C8}"
EndProject
Project("{FAE04EC0-301F-11D3-BF4B-00C04F79EFBC}") = "Api1", "src\Api1\Api1.csproj", "{334BAE51-DDF8-484F-B1CF-D0CAF217B5C5}"
EndProject
Project("{FAE04EC0-301F-11D3-BF4B-00C04F79EFBC}") = "Client1", "src\Client1\Client1.csproj", "{1E7FF3BE-A3A2-4ADC-BC8C-F61DE64D6C1A}"
EndProject
Project("{FAE04EC0-301F-11D3-BF4B-00C04F79EFBC}") = "MvcClient", "src\MvcClient\MvcClient.csproj", "{C5BE0D4F-CD39-45B2-BB05-A1194D29EA53}"
EndProject
Global
	GlobalSection(SolutionConfigurationPlatforms) = preSolution
		Debug|Any CPU = Debug|Any CPU
		Release|Any CPU = Release|Any CPU
	EndGlobalSection
	GlobalSection(SolutionProperties) = preSolution
		HideSolutionNode = FALSE
	EndGlobalSection
	GlobalSection(ProjectConfigurationPlatforms) = postSolution
		{63FF7761-9039-48B1-9676-8DDFDC5242C8}.Debug|Any CPU.ActiveCfg = Debug|Any CPU
		{63FF7761-9039-48B1-9676-8DDFDC5242C8}.Debug|Any CPU.Build.0 = Debug|Any CPU
		{63FF7761-9039-48B1-9676-8DDFDC5242C8}.Release|Any CPU.ActiveCfg = Release|Any CPU
		{63FF7761-9039-48B1-9676-8DDFDC5242C8}.Release|Any CPU.Build.0 = Release|Any CPU
		{334BAE51-DDF8-484F-B1CF-D0CAF217B5C5}.Debug|Any CPU.ActiveCfg = Debug|Any CPU
		{334BAE51-DDF8-484F-B1CF-D0CAF217B5C5}.Debug|Any CPU.Build.0 = Debug|Any CPU
		{334BAE51-DDF8-484F-B1CF-D0CAF217B5C5}.Release|Any CPU.ActiveCfg = Release|Any CPU
		{334BAE51-DDF8-484F-B1CF-D0CAF217B5C5}.Release|Any CPU.Build.0 = Release|Any CPU
		{1E7FF3BE-A3A2-4ADC-BC8C-F61DE64D6C1A}.Debug|Any CPU.ActiveCfg = Debug|Any CPU
		{1E7FF3BE-A3A2-4ADC-BC8C-F61DE64D6C1A}.Debug|Any CPU.Build.0 = Debug|Any CPU
		{1E7FF3BE-A3A2-4ADC-BC8C-F61DE64D6C1A}.Release|Any CPU.ActiveCfg = Release|Any CPU
		{1E7FF3BE-A3A2-4ADC-BC8C-F61DE64D6C1A}.Release|Any CPU.Build.0 = Release|Any CPU
		{C5BE0D4F-CD39-45B2-BB05-A1194D29EA53}.Debug|Any CPU.ActiveCfg = Debug|Any CPU
		{C5BE0D4F-CD39-45B2-BB05-A1194D29EA53}.Debug|Any CPU.Build.0 = Debug|Any CPU
		{C5BE0D4F-CD39-45B2-BB05-A1194D29EA53}.Release|Any CPU.ActiveCfg = Release|Any CPU
		{C5BE0D4F-CD39-45B2-BB05-A1194D29EA53}.Release|Any CPU.Build.0 = Release|Any CPU
	EndGlobalSection
	GlobalSection(NestedProjects) = preSolution
		{63FF7761-9039-48B1-9676-8DDFDC5242C8} = {8506B158-21C4-4E53-86EF-C1568ECA1C30}
		{334BAE51-DDF8-484F-B1CF-D0CAF217B5C5} = {8506B158-21C4-4E53-86EF-C1568ECA1C30}
		{1E7FF3BE-A3A2-4ADC-BC8C-F61DE64D6C1A} = {8506B158-21C4-4E53-86EF-C1568ECA1C30}
		{C5BE0D4F-CD39-45B2-BB05-A1194D29EA53} = {8506B158-21C4-4E53-86EF-C1568ECA1C30}
	EndGlobalSection
EndGlobal
